
Microsoft Visual Studio Solution File, Format Version 12.00
# Visual Studio 2013
VisualStudioVersion = 12.0.21005.1
MinimumVisualStudioVersion = 10.0.40219.1
Project("{FAE04EC0-301F-11D3-BF4B-00C04F79EFBC}") = "SmartMirror", "SmartMirror\SmartMirror.csproj", "{89BE3C85-A0B9-4B8B-B03B-BC6387D4A57C}"
EndProject
Global
	GlobalSection(SolutionConfigurationPlatforms) = preSolution
		Debug|Any CPU = Debug|Any CPU
		Release|Any CPU = Release|Any CPU
	EndGlobalSection
	GlobalSection(ProjectConfigurationPlatforms) = postSolution
		{89BE3C85-A0B9-4B8B-B03B-BC6387D4A57C}.Debug|Any CPU.ActiveCfg = Debug|Any CPU
		{89BE3C85-A0B9-4B8B-B03B-BC6387D4A57C}.Debug|Any CPU.Build.0 = Debug|Any CPU
		{89BE3C85-A0B9-4B8B-B03B-BC6387D4A57C}.Release|Any CPU.ActiveCfg = Release|Any CPU
		{89BE3C85-A0B9-4B8B-B03B-BC6387D4A57C}.Release|Any CPU.Build.0 = Release|Any CPU
	EndGlobalSection
	GlobalSection(SolutionProperties) = preSolution
		HideSolutionNode = FALSE
	EndGlobalSection
EndGlobal
